// !$*UTF8*$!
{
	archiveVersion = 1;
	classes = {
	};
	objectVersion = 46;
	objects = {

/* Begin PBXBuildFile section */
		424674221B4E4ACB00AD4CA4 /* AppDelegate.swift in Sources */ = {isa = PBXBuildFile; fileRef = 424674211B4E4ACB00AD4CA4 /* AppDelegate.swift */; };
		424674241B4E4ACB00AD4CA4 /* ViewController.swift in Sources */ = {isa = PBXBuildFile; fileRef = 424674231B4E4ACB00AD4CA4 /* ViewController.swift */; };
		424674271B4E4ACB00AD4CA4 /* Main.storyboard in Resources */ = {isa = PBXBuildFile; fileRef = 424674251B4E4ACB00AD4CA4 /* Main.storyboard */; };
		424674291B4E4ACB00AD4CA4 /* Images.xcassets in Resources */ = {isa = PBXBuildFile; fileRef = 424674281B4E4ACB00AD4CA4 /* Images.xcassets */; };
		4246742C1B4E4ACB00AD4CA4 /* LaunchScreen.xib in Resources */ = {isa = PBXBuildFile; fileRef = 4246742A1B4E4ACB00AD4CA4 /* LaunchScreen.xib */; };
		424674381B4E4ACB00AD4CA4 /* TableSwiftTests.swift in Sources */ = {isa = PBXBuildFile; fileRef = 424674371B4E4ACB00AD4CA4 /* TableSwiftTests.swift */; };
/* End PBXBuildFile section */

/* Begin PBXContainerItemProxy section */
		424674321B4E4ACB00AD4CA4 /* PBXContainerItemProxy */ = {
			isa = PBXContainerItemProxy;
			containerPortal = 424674141B4E4ACB00AD4CA4 /* Project object */;
			proxyType = 1;
			remoteGlobalIDString = 4246741B1B4E4ACB00AD4CA4;
			remoteInfo = TableSwift;
		};
/* End PBXContainerItemProxy section */

/* Begin PBXFileReference section */
		4246741C1B4E4ACB00AD4CA4 /* TableSwift.app */ = {isa = PBXFileReference; explicitFileType = wrapper.application; includeInIndex = 0; path = TableSwift.app; sourceTree = BUILT_PRODUCTS_DIR; };
		424674201B4E4ACB00AD4CA4 /* Info.plist */ = {isa = PBXFileReference; lastKnownFileType = text.plist.xml; path = Info.plist; sourceTree = "<group>"; };
		424674211B4E4ACB00AD4CA4 /* AppDelegate.swift */ = {isa = PBXFileReference; lastKnownFileType = sourcecode.swift; path = AppDelegate.swift; sourceTree = "<group>"; };
		424674231B4E4ACB00AD4CA4 /* ViewController.swift */ = {isa = PBXFileReference; lastKnownFileType = sourcecode.swift; path = ViewController.swift; sourceTree = "<group>"; };
		424674261B4E4ACB00AD4CA4 /* Base */ = {isa = PBXFileReference; lastKnownFileType = file.storyboard; name = Base; path = Base.lproj/Main.storyboard; sourceTree = "<group>"; };
		424674281B4E4ACB00AD4CA4 /* Images.xcassets */ = {isa = PBXFileReference; lastKnownFileType = folder.assetcatalog; path = Images.xcassets; sourceTree = "<group>"; };
		4246742B1B4E4ACB00AD4CA4 /* Base */ = {isa = PBXFileReference; lastKnownFileType = file.xib; name = Base; path = Base.lproj/LaunchScreen.xib; sourceTree = "<group>"; };
		424674311B4E4ACB00AD4CA4 /* TableSwiftTests.xctest */ = {isa = PBXFileReference; explicitFileType = wrapper.cfbundle; includeInIndex = 0; path = TableSwiftTests.xctest; sourceTree = BUILT_PRODUCTS_DIR; };
		424674361B4E4ACB00AD4CA4 /* Info.plist */ = {isa = PBXFileReference; lastKnownFileType = text.plist.xml; path = Info.plist; sourceTree = "<group>"; };
		424674371B4E4ACB00AD4CA4 /* TableSwiftTests.swift */ = {isa = PBXFileReference; lastKnownFileType = sourcecode.swift; path = TableSwiftTests.swift; sourceTree = "<group>"; };
/* End PBXFileReference section */

/* Begin PBXFrameworksBuildPhase section */
		424674191B4E4ACB00AD4CA4 /* Frameworks */ = {
			isa = PBXFrameworksBuildPhase;
			buildActionMask = 2147483647;
			files = (
			);
			runOnlyForDeploymentPostprocessing = 0;
		};
		4246742E1B4E4ACB00AD4CA4 /* Frameworks */ = {
			isa = PBXFrameworksBuildPhase;
			buildActionMask = 2147483647;
			files = (
			);
			runOnlyForDeploymentPostprocessing = 0;
		};
/* End PBXFrameworksBuildPhase section */

/* Begin PBXGroup section */
		424674131B4E4ACB00AD4CA4 = {
			isa = PBXGroup;
			children = (
				4246741E1B4E4ACB00AD4CA4 /* TableSwift */,
				424674341B4E4ACB00AD4CA4 /* TableSwiftTests */,
				4246741D1B4E4ACB00AD4CA4 /* Products */,
			);
			sourceTree = "<group>";
		};
		4246741D1B4E4ACB00AD4CA4 /* Products */ = {
			isa = PBXGroup;
			children = (
				4246741C1B4E4ACB00AD4CA4 /* TableSwift.app */,
				424674311B4E4ACB00AD4CA4 /* TableSwiftTests.xctest */,
			);
			name = Products;
			sourceTree = "<group>";
		};
		4246741E1B4E4ACB00AD4CA4 /* TableSwift */ = {
			isa = PBXGroup;
			children = (
				424674211B4E4ACB00AD4CA4 /* AppDelegate.swift */,
				424674231B4E4ACB00AD4CA4 /* ViewController.swift */,
				424674251B4E4ACB00AD4CA4 /* Main.storyboard */,
				424674281B4E4ACB00AD4CA4 /* Images.xcassets */,
				4246742A1B4E4ACB00AD4CA4 /* LaunchScreen.xib */,
				4246741F1B4E4ACB00AD4CA4 /* Supporting Files */,
			);
			path = TableSwift;
			sourceTree = "<group>";
		};
		4246741F1B4E4ACB00AD4CA4 /* Supporting Files */ = {
			isa = PBXGroup;
			children = (
				424674201B4E4ACB00AD4CA4 /* Info.plist */,
			);
			name = "Supporting Files";
			sourceTree = "<group>";
		};
		424674341B4E4ACB00AD4CA4 /* TableSwiftTests */ = {
			isa = PBXGroup;
			children = (
				424674371B4E4ACB00AD4CA4 /* TableSwiftTests.swift */,
				424674351B4E4ACB00AD4CA4 /* Supporting Files */,
			);
			path = TableSwiftTests;
			sourceTree = "<group>";
		};
		424674351B4E4ACB00AD4CA4 /* Supporting Files */ = {
			isa = PBXGroup;
			children = (
				424674361B4E4ACB00AD4CA4 /* Info.plist */,
			);
			name = "Supporting Files";
			sourceTree = "<group>";
		};
/* End PBXGroup section */

/* Begin PBXNativeTarget section */
		4246741B1B4E4ACB00AD4CA4 /* TableSwift */ = {
			isa = PBXNativeTarget;
			buildConfigurationList = 4246743B1B4E4ACB00AD4CA4 /* Build configuration list for PBXNativeTarget "TableSwift" */;
			buildPhases = (
				424674181B4E4ACB00AD4CA4 /* Sources */,
				424674191B4E4ACB00AD4CA4 /* Frameworks */,
				4246741A1B4E4ACB00AD4CA4 /* Resources */,
			);
			buildRules = (
			);
			dependencies = (
			);
			name = TableSwift;
			productName = TableSwift;
			productReference = 4246741C1B4E4ACB00AD4CA4 /* TableSwift.app */;
			productType = "com.apple.product-type.application";
		};
		424674301B4E4ACB00AD4CA4 /* TableSwiftTests */ = {
			isa = PBXNativeTarget;
			buildConfigurationList = 4246743E1B4E4ACB00AD4CA4 /* Build configuration list for PBXNativeTarget "TableSwiftTests" */;
			buildPhases = (
				4246742D1B4E4ACB00AD4CA4 /* Sources */,
				4246742E1B4E4ACB00AD4CA4 /* Frameworks */,
				4246742F1B4E4ACB00AD4CA4 /* Resources */,
			);
			buildRules = (
			);
			dependencies = (
				424674331B4E4ACB00AD4CA4 /* PBXTargetDependency */,
			);
			name = TableSwiftTests;
			productName = TableSwiftTests;
			productReference = 424674311B4E4ACB00AD4CA4 /* TableSwiftTests.xctest */;
			productType = "com.apple.product-type.bundle.unit-test";
		};
/* End PBXNativeTarget section */

/* Begin PBXProject section */
		424674141B4E4ACB00AD4CA4 /* Project object */ = {
			isa = PBXProject;
			attributes = {
				LastUpgradeCheck = 0640;
				ORGANIZATIONNAME = "MAEDA HAJIME";
				TargetAttributes = {
					4246741B1B4E4ACB00AD4CA4 = {
						CreatedOnToolsVersion = 6.4;
					};
					424674301B4E4ACB00AD4CA4 = {
						CreatedOnToolsVersion = 6.4;
						TestTargetID = 4246741B1B4E4ACB00AD4CA4;
					};
				};
			};
			buildConfigurationList = 424674171B4E4ACB00AD4CA4 /* Build configuration list for PBXProject "TableSwift" */;
			compatibilityVersion = "Xcode 3.2";
			developmentRegion = English;
			hasScannedForEncodings = 0;
			knownRegions = (
				en,
				Base,
			);
			mainGroup = 424674131B4E4ACB00AD4CA4;
			productRefGroup = 4246741D1B4E4ACB00AD4CA4 /* Products */;
			projectDirPath = "";
			projectRoot = "";
			targets = (
				4246741B1B4E4ACB00AD4CA4 /* TableSwift */,
				424674301B4E4ACB00AD4CA4 /* TableSwiftTests */,
			);
		};
/* End PBXProject section */

/* Begin PBXResourcesBuildPhase section */
		4246741A1B4E4ACB00AD4CA4 /* Resources */ = {
			isa = PBXResourcesBuildPhase;
			buildActionMask = 2147483647;
			files = (
				424674271B4E4ACB00AD4CA4 /* Main.storyboard in Resources */,
				4246742C1B4E4ACB00AD4CA4 /* LaunchScreen.xib in Resources */,
				424674291B4E4ACB00AD4CA4 /* Images.xcassets in Resources */,
			);
			runOnlyForDeploymentPostprocessing = 0;
		};
		4246742F1B4E4ACB00AD4CA4 /* Resources */ = {
			isa = PBXResourcesBuildPhase;
			buildActionMask = 2147483647;
			files = (
			);
			runOnlyForDeploymentPostprocessing = 0;
		};
/* End PBXResourcesBuildPhase section */

/* Begin PBXSourcesBuildPhase section */
		424674181B4E4ACB00AD4CA4 /* Sources */ = {
			isa = PBXSourcesBuildPhase;
			buildActionMask = 2147483647;
			files = (
				424674241B4E4ACB00AD4CA4 /* ViewController.swift in Sources */,
				424674221B4E4ACB00AD4CA4 /* AppDelegate.swift in Sources */,
			);
			runOnlyForDeploymentPostprocessing = 0;
		};
		4246742D1B4E4ACB00AD4CA4 /* Sources */ = {
			isa = PBXSourcesBuildPhase;
			buildActionMask = 2147483647;
			files = (
				424674381B4E4ACB00AD4CA4 /* TableSwiftTests.swift in Sources */,
			);
			runOnlyForDeploymentPostprocessing = 0;
		};
/* End PBXSourcesBuildPhase section */

/* Begin PBXTargetDependency section */
		424674331B4E4ACB00AD4CA4 /* PBXTargetDependency */ = {
			isa = PBXTargetDependency;
			target = 4246741B1B4E4ACB00AD4CA4 /* TableSwift */;
			targetProxy = 424674321B4E4ACB00AD4CA4 /* PBXContainerItemProxy */;
		};
/* End PBXTargetDependency section */

/* Begin PBXVariantGroup section */
		424674251B4E4ACB00AD4CA4 /* Main.storyboard */ = {
			isa = PBXVariantGroup;
			children = (
				424674261B4E4ACB00AD4CA4 /* Base */,
			);
			name = Main.storyboard;
			sourceTree = "<group>";
		};
		4246742A1B4E4ACB00AD4CA4 /* LaunchScreen.xib */ = {
			isa = PBXVariantGroup;
			children = (
				4246742B1B4E4ACB00AD4CA4 /* Base */,
			);
			name = LaunchScreen.xib;
			sourceTree = "<group>";
		};
/* End PBXVariantGroup section */

/* Begin XCBuildConfiguration section */
		424674391B4E4ACB00AD4CA4 /* Debug */ = {
			isa = XCBuildConfiguration;
			buildSettings = {
				ALWAYS_SEARCH_USER_PATHS = NO;
				CLANG_CXX_LANGUAGE_STANDARD = "gnu++0x";
				CLANG_CXX_LIBRARY = "libc++";
				CLANG_ENABLE_MODULES = YES;
				CLANG_ENABLE_OBJC_ARC = YES;
				CLANG_WARN_BOOL_CONVERSION = YES;
				CLANG_WARN_CONSTANT_CONVERSION = YES;
				CLANG_WARN_DIRECT_OBJC_ISA_USAGE = YES_ERROR;
				CLANG_WARN_EMPTY_BODY = YES;
				CLANG_WARN_ENUM_CONVERSION = YES;
				CLANG_WARN_INT_CONVERSION = YES;
				CLANG_WARN_OBJC_ROOT_CLASS = YES_ERROR;
				CLANG_WARN_UNREACHABLE_CODE = YES;
				CLANG_WARN__DUPLICATE_METHOD_MATCH = YES;
				"CODE_SIGN_IDENTITY[sdk=iphoneos*]" = "iPhone Developer";
				COPY_PHASE_STRIP = NO;
				DEBUG_INFORMATION_FORMAT = "dwarf-with-dsym";
				ENABLE_STRICT_OBJC_MSGSEND = YES;
				GCC_C_LANGUAGE_STANDARD = gnu99;
				GCC_DYNAMIC_NO_PIC = NO;
				GCC_NO_COMMON_BLOCKS = YES;
				GCC_OPTIMIZATION_LEVEL = 0;
				GCC_PREPROCESSOR_DEFINITIONS = (
					"DEBUG=1",
					"$(inherited)",
				);
				GCC_SYMBOLS_PRIVATE_EXTERN = NO;
				GCC_WARN_64_TO_32_BIT_CONVERSION = YES;
				GCC_WARN_ABOUT_RETURN_TYPE = YES_ERROR;
				GCC_WARN_UNDECLARED_SELECTOR = YES;
				GCC_WARN_UNINITIALIZED_AUTOS = YES_AGGRESSIVE;
				GCC_WARN_UNUSED_FUNCTION = YES;
				GCC_WARN_UNUSED_VARIABLE = YES;
				IPHONEOS_DEPLOYMENT_TARGET = 8.4;
				MTL_ENABLE_DEBUG_INFO = YES;
				ONLY_ACTIVE_ARCH = YES;
				SDKROOT = iphoneos;
				SWIFT_OPTIMIZATION_LEVEL = "-Onone";
			};
			name = Debug;
		};
		4246743A1B4E4ACB00AD4CA4 /* Release */ = {
			isa = XCBuildConfiguration;
			buildSettings = {
				ALWAYS_SEARCH_USER_PATHS = NO;
				CLANG_CXX_LANGUAGE_STANDARD = "gnu++0x";
				CLANG_CXX_LIBRARY = "libc++";
				CLANG_ENABLE_MODULES = YES;
				CLANG_ENABLE_OBJC_ARC = YES;
				CLANG_WARN_BOOL_CONVERSION = YES;
				CLANG_WARN_CONSTANT_CONVERSION = YES;
				CLANG_WARN_DIRECT_OBJC_ISA_USAGE = YES_ERROR;
				CLANG_WARN_EMPTY_BODY = YES;
				CLANG_WARN_ENUM_CONVERSION = YES;
				CLANG_WARN_INT_CONVERSION = YES;
				CLANG_WARN_OBJC_ROOT_CLASS = YES_ERROR;
				CLANG_WARN_UNREACHABLE_CODE = YES;
				CLANG_WARN__DUPLICATE_METHOD_MATCH = YES;
				"CODE_SIGN_IDENTITY[sdk=iphoneos*]" = "iPhone Developer";
				COPY_PHASE_STRIP = NO;
				DEBUG_INFORMATION_FORMAT = "dwarf-with-dsym";
				ENABLE_NS_ASSERTIONS = NO;
				ENABLE_STRICT_OBJC_MSGSEND = YES;
				GCC_C_LANGUAGE_STANDARD = gnu99;
				GCC_NO_COMMON_BLOCKS = YES;
				GCC_WARN_64_TO_32_BIT_CONVERSION = YES;
				GCC_WARN_ABOUT_RETURN_TYPE = YES_ERROR;
				GCC_WARN_UNDECLARED_SELECTOR = YES;
				GCC_WARN_UNINITIALIZED_AUTOS = YES_AGGRESSIVE;
				GCC_WARN_UNUSED_FUNCTION = YES;
				GCC_WARN_UNUSED_VARIABLE = YES;
				IPHONEOS_DEPLOYMENT_TARGET = 8.4;
				MTL_ENABLE_DEBUG_INFO = NO;
				SDKROOT = iphoneos;
				VALIDATE_PRODUCT = YES;
			};
			name = Release;
		};
		4246743C1B4E4ACB00AD4CA4 /* Debug */ = {
			isa = XCBuildConfiguration;
			buildSettings = {
				ASSETCATALOG_COMPILER_APPICON_NAME = AppIcon;
				INFOPLIST_FILE = TableSwift/Info.plist;
				LD_RUNPATH_SEARCH_PATHS = "$(inherited) @executable_path/Frameworks";
				PRODUCT_NAME = "$(TARGET_NAME)";
			};
			name = Debug;
		};
		4246743D1B4E4ACB00AD4CA4 /* Release */ = {
			isa = XCBuildConfiguration;
			buildSettings = {
				ASSETCATALOG_COMPILER_APPICON_NAME = AppIcon;
				INFOPLIST_FILE = TableSwift/Info.plist;
				LD_RUNPATH_SEARCH_PATHS = "$(inherited) @executable_path/Frameworks";
				PRODUCT_NAME = "$(TARGET_NAME)";
			};
			name = Release;
		};
		4246743F1B4E4ACB00AD4CA4 /* Debug */ = {
			isa = XCBuildConfiguration;
			buildSettings = {
				BUNDLE_LOADER = "$(TEST_HOST)";
				FRAMEWORK_SEARCH_PATHS = (
					"$(SDKROOT)/Developer/Library/Frameworks",
					"$(inherited)",
				);
				GCC_PREPROCESSOR_DEFINITIONS = (
					"DEBUG=1",
					"$(inherited)",
				);
				INFOPLIST_FILE = TableSwiftTests/Info.plist;
				LD_RUNPATH_SEARCH_PATHS = "$(inherited) @executable_path/Frameworks @loader_path/Frameworks";
				PRODUCT_NAME = "$(TARGET_NAME)";
				TEST_HOST = "$(BUILT_PRODUCTS_DIR)/TableSwift.app/TableSwift";
			};
			name = Debug;
		};
		424674401B4E4ACB00AD4CA4 /* Release */ = {
			isa = XCBuildConfiguration;
			buildSettings = {
				BUNDLE_LOADER = "$(TEST_HOST)";
				FRAMEWORK_SEARCH_PATHS = (
					"$(SDKROOT)/Developer/Library/Frameworks",
					"$(inherited)",
				);
				INFOPLIST_FILE = TableSwiftTests/Info.plist;
				LD_RUNPATH_SEARCH_PATHS = "$(inherited) @executable_path/Frameworks @loader_path/Frameworks";
				PRODUCT_NAME = "$(TARGET_NAME)";
				TEST_HOST = "$(BUILT_PRODUCTS_DIR)/TableSwift.app/TableSwift";
			};
			name = Release;
		};
/* End XCBuildConfiguration section */

/* Begin XCConfigurationList section */
		424674171B4E4ACB00AD4CA4 /* Build configuration list for PBXProject "TableSwift" */ = {
			isa = XCConfigurationList;
			buildConfigurations = (
				424674391B4E4ACB00AD4CA4 /* Debug */,
				4246743A1B4E4ACB00AD4CA4 /* Release */,
			);
			defaultConfigurationIsVisible = 0;
			defaultConfigurationName = Release;
		};
		4246743B1B4E4ACB00AD4CA4 /* Build configuration list for PBXNativeTarget "TableSwift" */ = {
			isa = XCConfigurationList;
			buildConfigurations = (
				4246743C1B4E4ACB00AD4CA4 /* Debug */,
				4246743D1B4E4ACB00AD4CA4 /* Release */,
			);
			defaultConfigurationIsVisible = 0;
		};
		4246743E1B4E4ACB00AD4CA4 /* Build configuration list for PBXNativeTarget "TableSwiftTests" */ = {
			isa = XCConfigurationList;
			buildConfigurations = (
				4246743F1B4E4ACB00AD4CA4 /* Debug */,
				424674401B4E4ACB00AD4CA4 /* Release */,
			);
			defaultConfigurationIsVisible = 0;
		};
/* End XCConfigurationList section */
	};
	rootObject = 424674141B4E4ACB00AD4CA4 /* Project object */;
}
